// !$*UTF8*$!
{
	archiveVersion = 1;
	classes = {
	};
	objectVersion = 56;
	objects = {

/* Begin PBXBuildFile section */
		0737A6252A15227900DD7891 /* Bootpay_SPM in Frameworks */ = {isa = PBXBuildFile; productRef = 0737A6242A15227900DD7891 /* Bootpay_SPM */; };
		0737A6272A15230500DD7891 /* AddPriceButton.swift in Sources */ = {isa = PBXBuildFile; fileRef = 0737A6262A15230500DD7891 /* AddPriceButton.swift */; };
		0737A6292A1523D300DD7891 /* ChargeViewController.swift in Sources */ = {isa = PBXBuildFile; fileRef = 0737A6282A1523D300DD7891 /* ChargeViewController.swift */; };
		076A4A8929EA9C0500BD9C79 /* AppDelegate.swift in Sources */ = {isa = PBXBuildFile; fileRef = 076A4A8829EA9C0500BD9C79 /* AppDelegate.swift */; };
		076A4A8B29EA9C0500BD9C79 /* SceneDelegate.swift in Sources */ = {isa = PBXBuildFile; fileRef = 076A4A8A29EA9C0500BD9C79 /* SceneDelegate.swift */; };
		076A4A9229EA9C0600BD9C79 /* Assets.xcassets in Resources */ = {isa = PBXBuildFile; fileRef = 076A4A9129EA9C0600BD9C79 /* Assets.xcassets */; };
		076A4A9529EA9C0600BD9C79 /* LaunchScreen.storyboard in Resources */ = {isa = PBXBuildFile; fileRef = 076A4A9329EA9C0600BD9C79 /* LaunchScreen.storyboard */; };
		076A4ABE29EA9C9F00BD9C79 /* BaseVC.swift in Sources */ = {isa = PBXBuildFile; fileRef = 076A4ABD29EA9C9F00BD9C79 /* BaseVC.swift */; };
		076A4ACB29EA9F4300BD9C79 /* block.json in Resources */ = {isa = PBXBuildFile; fileRef = 076A4ACA29EA9F4300BD9C79 /* block.json */; };
		076A4ACD29EA9FAD00BD9C79 /* StartViewController.swift in Sources */ = {isa = PBXBuildFile; fileRef = 076A4ACC29EA9FAD00BD9C79 /* StartViewController.swift */; };
		076A4ACF29EA9FC000BD9C79 /* MainViewController.swift in Sources */ = {isa = PBXBuildFile; fileRef = 076A4ACE29EA9FC000BD9C79 /* MainViewController.swift */; };
		076A4AD229EB372A00BD9C79 /* Header.swift in Sources */ = {isa = PBXBuildFile; fileRef = 076A4AD129EB372A00BD9C79 /* Header.swift */; };
		076A4AD429EB374300BD9C79 /* SubView.swift in Sources */ = {isa = PBXBuildFile; fileRef = 076A4AD329EB374300BD9C79 /* SubView.swift */; };
		076A4AD629EB375E00BD9C79 /* BoxView.swift in Sources */ = {isa = PBXBuildFile; fileRef = 076A4AD529EB375E00BD9C79 /* BoxView.swift */; };
		076A4AD829EB37A800BD9C79 /* AmountLabel.swift in Sources */ = {isa = PBXBuildFile; fileRef = 076A4AD729EB37A800BD9C79 /* AmountLabel.swift */; };
		076A4ADA29EB37C900BD9C79 /* PaymentButton.swift in Sources */ = {isa = PBXBuildFile; fileRef = 076A4AD929EB37C900BD9C79 /* PaymentButton.swift */; };
		076A4ADC29EB5E8E00BD9C79 /* MiningViewController.swift in Sources */ = {isa = PBXBuildFile; fileRef = 076A4ADB29EB5E8E00BD9C79 /* MiningViewController.swift */; };
		0770F3052A18EA1F000215E0 /* success.json in Resources */ = {isa = PBXBuildFile; fileRef = 0770F3042A18EA1F000215E0 /* success.json */; };
		07B7DFD629F500B900FE70D7 /* PopUpView.swift in Sources */ = {isa = PBXBuildFile; fileRef = 07B7DFD529F500B900FE70D7 /* PopUpView.swift */; };
		07B7DFD829F5026700FE70D7 /* PopUpViewController.swift in Sources */ = {isa = PBXBuildFile; fileRef = 07B7DFD729F5026700FE70D7 /* PopUpViewController.swift */; };
		07B7E00E29FE4C4900FE70D7 /* SnapKit in Frameworks */ = {isa = PBXBuildFile; productRef = 07B7E00D29FE4C4900FE70D7 /* SnapKit */; };
		07B7E01129FE4C5500FE70D7 /* Then in Frameworks */ = {isa = PBXBuildFile; productRef = 07B7E01029FE4C5500FE70D7 /* Then */; };
		07B7E01429FE4C6C00FE70D7 /* Lottie in Frameworks */ = {isa = PBXBuildFile; productRef = 07B7E01329FE4C6C00FE70D7 /* Lottie */; };
		07BF6AD129EC459800986AF7 /* coin.json in Resources */ = {isa = PBXBuildFile; fileRef = 07BF6AD029EC459800986AF7 /* coin.json */; };
		07BF6AD329ECBAC200986AF7 /* coinAction.json in Resources */ = {isa = PBXBuildFile; fileRef = 07BF6AD229ECBAC200986AF7 /* coinAction.json */; };
		07D1EAB02A04B3D7007C67AF /* GoogleSignIn in Frameworks */ = {isa = PBXBuildFile; productRef = 07D1EAAF2A04B3D7007C67AF /* GoogleSignIn */; };
		07D1EAB22A04B3D7007C67AF /* GoogleSignInSwift in Frameworks */ = {isa = PBXBuildFile; productRef = 07D1EAB12A04B3D7007C67AF /* GoogleSignInSwift */; };
		07D1EABB2A04E459007C67AF /* GoogleService-Info.plist in Resources */ = {isa = PBXBuildFile; fileRef = 07D1EABA2A04E459007C67AF /* GoogleService-Info.plist */; };
		07D1EABE2A050DC3007C67AF /* FirebaseAnalytics in Frameworks */ = {isa = PBXBuildFile; productRef = 07D1EABD2A050DC3007C67AF /* FirebaseAnalytics */; };
		07D1EAC02A050DC3007C67AF /* FirebaseAuth in Frameworks */ = {isa = PBXBuildFile; productRef = 07D1EABF2A050DC3007C67AF /* FirebaseAuth */; };
		07D1EAC32A0669E0007C67AF /* APIConstants.swift in Sources */ = {isa = PBXBuildFile; fileRef = 07D1EAC22A0669E0007C67AF /* APIConstants.swift */; };
		07D1EAC52A066D93007C67AF /* NetworkResult.swift in Sources */ = {isa = PBXBuildFile; fileRef = 07D1EAC42A066D93007C67AF /* NetworkResult.swift */; };
		07D1EACA2A066EA8007C67AF /* SendModel.swift in Sources */ = {isa = PBXBuildFile; fileRef = 07D1EAC92A066EA8007C67AF /* SendModel.swift */; };
		07D1EAD52A067D6F007C67AF /* Service.swift in Sources */ = {isa = PBXBuildFile; fileRef = 07D1EAD42A067D6F007C67AF /* Service.swift */; };
		3D06DD652A0A8EAC00240BBA /* PaymentListMainLabel.swift in Sources */ = {isa = PBXBuildFile; fileRef = 3D06DD642A0A8EAB00240BBA /* PaymentListMainLabel.swift */; };
		3D06DD6C2A0BE01700240BBA /* BC2TableViewCell.swift in Sources */ = {isa = PBXBuildFile; fileRef = 3D06DD6B2A0BE01700240BBA /* BC2TableViewCell.swift */; };
		3D06DD6E2A0BE02F00240BBA /* ListViewController.swift in Sources */ = {isa = PBXBuildFile; fileRef = 3D06DD6D2A0BE02F00240BBA /* ListViewController.swift */; };
		3D06DDB42A13756100240BBA /* EventSource in Frameworks */ = {isa = PBXBuildFile; productRef = 3D06DDB32A13756100240BBA /* EventSource */; };
		3D06DDB62A14D25400240BBA /* MyData.swift in Sources */ = {isa = PBXBuildFile; fileRef = 3D06DDB52A14D25400240BBA /* MyData.swift */; };
		3D973EC72A15F02900C63909 /* RealmModel.swift in Sources */ = {isa = PBXBuildFile; fileRef = 3D973EC62A15F02900C63909 /* RealmModel.swift */; };
		3D973ECA2A16139B00C63909 /* Realm in Frameworks */ = {isa = PBXBuildFile; productRef = 3D973EC92A16139B00C63909 /* Realm */; };
		3D973ECC2A16139B00C63909 /* RealmSwift in Frameworks */ = {isa = PBXBuildFile; productRef = 3D973ECB2A16139B00C63909 /* RealmSwift */; };
		3D973ED02A17C3EF00C63909 /* ChargeResponse.swift in Sources */ = {isa = PBXBuildFile; fileRef = 3D973ECF2A17C3EF00C63909 /* ChargeResponse.swift */; };
		3D973ED22A183C2A00C63909 /* PaymentResponse.swift in Sources */ = {isa = PBXBuildFile; fileRef = 3D973ED12A183C2A00C63909 /* PaymentResponse.swift */; };
		3D973ED42A184D7A00C63909 /* PaymentRealmEntity.swift in Sources */ = {isa = PBXBuildFile; fileRef = 3D973ED32A184D7A00C63909 /* PaymentRealmEntity.swift */; };
		3D973ED62A18578D00C63909 /* ChargeRealmEntity.swift in Sources */ = {isa = PBXBuildFile; fileRef = 3D973ED52A18578D00C63909 /* ChargeRealmEntity.swift */; };
		3D973ED92A188BAB00C63909 /* ReaderView.swift in Sources */ = {isa = PBXBuildFile; fileRef = 3D973ED82A188BAB00C63909 /* ReaderView.swift */; };
		3D973EDB2A188EE000C63909 /* ReaderViewController.swift in Sources */ = {isa = PBXBuildFile; fileRef = 3D973EDA2A188EE000C63909 /* ReaderViewController.swift */; };
		3D973EDD2A18A40F00C63909 /* ChargeSuccessViewController.swift in Sources */ = {isa = PBXBuildFile; fileRef = 3D973EDC2A18A40F00C63909 /* ChargeSuccessViewController.swift */; };
/* End PBXBuildFile section */

/* Begin PBXContainerItemProxy section */
		076A4A9C29EA9C0600BD9C79 /* PBXContainerItemProxy */ = {
			isa = PBXContainerItemProxy;
			containerPortal = 076A4A7D29EA9C0500BD9C79 /* Project object */;
			proxyType = 1;
			remoteGlobalIDString = 076A4A8429EA9C0500BD9C79;
			remoteInfo = BC2;
		};
		076A4AA629EA9C0600BD9C79 /* PBXContainerItemProxy */ = {
			isa = PBXContainerItemProxy;
			containerPortal = 076A4A7D29EA9C0500BD9C79 /* Project object */;
			proxyType = 1;
			remoteGlobalIDString = 076A4A8429EA9C0500BD9C79;
			remoteInfo = BC2;
		};
/* End PBXContainerItemProxy section */

/* Begin PBXFileReference section */
		0737A6262A15230500DD7891 /* AddPriceButton.swift */ = {isa = PBXFileReference; lastKnownFileType = sourcecode.swift; path = AddPriceButton.swift; sourceTree = "<group>"; };
		0737A6282A1523D300DD7891 /* ChargeViewController.swift */ = {isa = PBXFileReference; lastKnownFileType = sourcecode.swift; path = ChargeViewController.swift; sourceTree = "<group>"; };
		076A4A8529EA9C0500BD9C79 /* BC2.app */ = {isa = PBXFileReference; explicitFileType = wrapper.application; includeInIndex = 0; path = BC2.app; sourceTree = BUILT_PRODUCTS_DIR; };
		076A4A8829EA9C0500BD9C79 /* AppDelegate.swift */ = {isa = PBXFileReference; lastKnownFileType = sourcecode.swift; path = AppDelegate.swift; sourceTree = "<group>"; };
		076A4A8A29EA9C0500BD9C79 /* SceneDelegate.swift */ = {isa = PBXFileReference; lastKnownFileType = sourcecode.swift; path = SceneDelegate.swift; sourceTree = "<group>"; };
		076A4A9129EA9C0600BD9C79 /* Assets.xcassets */ = {isa = PBXFileReference; lastKnownFileType = folder.assetcatalog; path = Assets.xcassets; sourceTree = "<group>"; };
		076A4A9429EA9C0600BD9C79 /* Base */ = {isa = PBXFileReference; lastKnownFileType = file.storyboard; name = Base; path = Base.lproj/LaunchScreen.storyboard; sourceTree = "<group>"; };
		076A4A9629EA9C0600BD9C79 /* Info.plist */ = {isa = PBXFileReference; lastKnownFileType = text.plist.xml; path = Info.plist; sourceTree = "<group>"; };
		076A4A9B29EA9C0600BD9C79 /* BC2Tests.xctest */ = {isa = PBXFileReference; explicitFileType = wrapper.cfbundle; includeInIndex = 0; path = BC2Tests.xctest; sourceTree = BUILT_PRODUCTS_DIR; };
		076A4AA529EA9C0600BD9C79 /* BC2UITests.xctest */ = {isa = PBXFileReference; explicitFileType = wrapper.cfbundle; includeInIndex = 0; path = BC2UITests.xctest; sourceTree = BUILT_PRODUCTS_DIR; };
		076A4ABD29EA9C9F00BD9C79 /* BaseVC.swift */ = {isa = PBXFileReference; lastKnownFileType = sourcecode.swift; path = BaseVC.swift; sourceTree = "<group>"; };
		076A4ACA29EA9F4300BD9C79 /* block.json */ = {isa = PBXFileReference; fileEncoding = 4; lastKnownFileType = text.json; path = block.json; sourceTree = "<group>"; };
		076A4ACC29EA9FAD00BD9C79 /* StartViewController.swift */ = {isa = PBXFileReference; lastKnownFileType = sourcecode.swift; path = StartViewController.swift; sourceTree = "<group>"; };
		076A4ACE29EA9FC000BD9C79 /* MainViewController.swift */ = {isa = PBXFileReference; lastKnownFileType = sourcecode.swift; path = MainViewController.swift; sourceTree = "<group>"; };
		076A4AD129EB372A00BD9C79 /* Header.swift */ = {isa = PBXFileReference; lastKnownFileType = sourcecode.swift; path = Header.swift; sourceTree = "<group>"; };
		076A4AD329EB374300BD9C79 /* SubView.swift */ = {isa = PBXFileReference; lastKnownFileType = sourcecode.swift; path = SubView.swift; sourceTree = "<group>"; };
		076A4AD529EB375E00BD9C79 /* BoxView.swift */ = {isa = PBXFileReference; lastKnownFileType = sourcecode.swift; path = BoxView.swift; sourceTree = "<group>"; };
		076A4AD729EB37A800BD9C79 /* AmountLabel.swift */ = {isa = PBXFileReference; lastKnownFileType = sourcecode.swift; path = AmountLabel.swift; sourceTree = "<group>"; };
		076A4AD929EB37C900BD9C79 /* PaymentButton.swift */ = {isa = PBXFileReference; lastKnownFileType = sourcecode.swift; path = PaymentButton.swift; sourceTree = "<group>"; };
		076A4ADB29EB5E8E00BD9C79 /* MiningViewController.swift */ = {isa = PBXFileReference; lastKnownFileType = sourcecode.swift; path = MiningViewController.swift; sourceTree = "<group>"; };
		0770F3042A18EA1F000215E0 /* success.json */ = {isa = PBXFileReference; fileEncoding = 4; lastKnownFileType = text.json; path = success.json; sourceTree = "<group>"; };
		07B7DFD529F500B900FE70D7 /* PopUpView.swift */ = {isa = PBXFileReference; lastKnownFileType = sourcecode.swift; path = PopUpView.swift; sourceTree = "<group>"; };
		07B7DFD729F5026700FE70D7 /* PopUpViewController.swift */ = {isa = PBXFileReference; lastKnownFileType = sourcecode.swift; path = PopUpViewController.swift; sourceTree = "<group>"; };
		07BF6AD029EC459800986AF7 /* coin.json */ = {isa = PBXFileReference; fileEncoding = 4; lastKnownFileType = text.json; path = coin.json; sourceTree = "<group>"; };
		07BF6AD229ECBAC200986AF7 /* coinAction.json */ = {isa = PBXFileReference; fileEncoding = 4; lastKnownFileType = text.json; path = coinAction.json; sourceTree = "<group>"; };
		07D1EABA2A04E459007C67AF /* GoogleService-Info.plist */ = {isa = PBXFileReference; fileEncoding = 4; lastKnownFileType = text.plist.xml; path = "GoogleService-Info.plist"; sourceTree = "<group>"; };
		07D1EAC22A0669E0007C67AF /* APIConstants.swift */ = {isa = PBXFileReference; lastKnownFileType = sourcecode.swift; path = APIConstants.swift; sourceTree = "<group>"; };
		07D1EAC42A066D93007C67AF /* NetworkResult.swift */ = {isa = PBXFileReference; lastKnownFileType = sourcecode.swift; path = NetworkResult.swift; sourceTree = "<group>"; };
		07D1EAC92A066EA8007C67AF /* SendModel.swift */ = {isa = PBXFileReference; lastKnownFileType = sourcecode.swift; path = SendModel.swift; sourceTree = "<group>"; };
		07D1EAD42A067D6F007C67AF /* Service.swift */ = {isa = PBXFileReference; lastKnownFileType = sourcecode.swift; path = Service.swift; sourceTree = "<group>"; };
		3D06DD642A0A8EAB00240BBA /* PaymentListMainLabel.swift */ = {isa = PBXFileReference; fileEncoding = 4; lastKnownFileType = sourcecode.swift; path = PaymentListMainLabel.swift; sourceTree = "<group>"; };
		3D06DD6B2A0BE01700240BBA /* BC2TableViewCell.swift */ = {isa = PBXFileReference; fileEncoding = 4; lastKnownFileType = sourcecode.swift; path = BC2TableViewCell.swift; sourceTree = "<group>"; };
		3D06DD6D2A0BE02F00240BBA /* ListViewController.swift */ = {isa = PBXFileReference; fileEncoding = 4; lastKnownFileType = sourcecode.swift; path = ListViewController.swift; sourceTree = "<group>"; };
		3D06DDB52A14D25400240BBA /* MyData.swift */ = {isa = PBXFileReference; lastKnownFileType = sourcecode.swift; path = MyData.swift; sourceTree = "<group>"; };
		3D973EC62A15F02900C63909 /* RealmModel.swift */ = {isa = PBXFileReference; lastKnownFileType = sourcecode.swift; path = RealmModel.swift; sourceTree = "<group>"; };
		3D973ECF2A17C3EF00C63909 /* ChargeResponse.swift */ = {isa = PBXFileReference; lastKnownFileType = sourcecode.swift; path = ChargeResponse.swift; sourceTree = "<group>"; };
		3D973ED12A183C2A00C63909 /* PaymentResponse.swift */ = {isa = PBXFileReference; lastKnownFileType = sourcecode.swift; path = PaymentResponse.swift; sourceTree = "<group>"; };
		3D973ED32A184D7A00C63909 /* PaymentRealmEntity.swift */ = {isa = PBXFileReference; lastKnownFileType = sourcecode.swift; path = PaymentRealmEntity.swift; sourceTree = "<group>"; };
		3D973ED52A18578D00C63909 /* ChargeRealmEntity.swift */ = {isa = PBXFileReference; lastKnownFileType = sourcecode.swift; path = ChargeRealmEntity.swift; sourceTree = "<group>"; };
		3D973ED82A188BAB00C63909 /* ReaderView.swift */ = {isa = PBXFileReference; lastKnownFileType = sourcecode.swift; path = ReaderView.swift; sourceTree = "<group>"; };
		3D973EDA2A188EE000C63909 /* ReaderViewController.swift */ = {isa = PBXFileReference; lastKnownFileType = sourcecode.swift; path = ReaderViewController.swift; sourceTree = "<group>"; };
		3D973EDC2A18A40F00C63909 /* ChargeSuccessViewController.swift */ = {isa = PBXFileReference; lastKnownFileType = sourcecode.swift; path = ChargeSuccessViewController.swift; sourceTree = "<group>"; };
/* End PBXFileReference section */

/* Begin PBXFrameworksBuildPhase section */
		076A4A8229EA9C0500BD9C79 /* Frameworks */ = {
			isa = PBXFrameworksBuildPhase;
			buildActionMask = 2147483647;
			files = (
				07D1EAB02A04B3D7007C67AF /* GoogleSignIn in Frameworks */,
				07B7E00E29FE4C4900FE70D7 /* SnapKit in Frameworks */,
				07D1EABE2A050DC3007C67AF /* FirebaseAnalytics in Frameworks */,
				07B7E01129FE4C5500FE70D7 /* Then in Frameworks */,
				3D973ECA2A16139B00C63909 /* Realm in Frameworks */,
				07D1EAB22A04B3D7007C67AF /* GoogleSignInSwift in Frameworks */,
				07D1EAC02A050DC3007C67AF /* FirebaseAuth in Frameworks */,
				3D06DDB42A13756100240BBA /* EventSource in Frameworks */,
				3D973ECC2A16139B00C63909 /* RealmSwift in Frameworks */,
				07B7E01429FE4C6C00FE70D7 /* Lottie in Frameworks */,
				0737A6252A15227900DD7891 /* Bootpay_SPM in Frameworks */,
			);
			runOnlyForDeploymentPostprocessing = 0;
		};
		076A4A9829EA9C0600BD9C79 /* Frameworks */ = {
			isa = PBXFrameworksBuildPhase;
			buildActionMask = 2147483647;
			files = (
			);
			runOnlyForDeploymentPostprocessing = 0;
		};
		076A4AA229EA9C0600BD9C79 /* Frameworks */ = {
			isa = PBXFrameworksBuildPhase;
			buildActionMask = 2147483647;
			files = (
			);
			runOnlyForDeploymentPostprocessing = 0;
		};
/* End PBXFrameworksBuildPhase section */

/* Begin PBXGroup section */
		076A4A7C29EA9C0500BD9C79 = {
			isa = PBXGroup;
			children = (
				3D973ED72A188B9500C63909 /* QRTest */,
				076A4A8729EA9C0500BD9C79 /* BC2 */,
				076A4A8629EA9C0500BD9C79 /* Products */,
				3D973EC82A16139B00C63909 /* Frameworks */,
			);
			sourceTree = "<group>";
		};
		076A4A8629EA9C0500BD9C79 /* Products */ = {
			isa = PBXGroup;
			children = (
				076A4A8529EA9C0500BD9C79 /* BC2.app */,
				076A4A9B29EA9C0600BD9C79 /* BC2Tests.xctest */,
				076A4AA529EA9C0600BD9C79 /* BC2UITests.xctest */,
			);
			name = Products;
			sourceTree = "<group>";
		};
		076A4A8729EA9C0500BD9C79 /* BC2 */ = {
			isa = PBXGroup;
			children = (
				3D06DDB72A15192200240BBA /* Data */,
				3D06DD6A2A0BE00600240BBA /* Cell */,
				07D1EAC62A066E55007C67AF /* Model */,
				07D1EAC12A0669CA007C67AF /* Network */,
				076A4AD029EB371200BD9C79 /* Custom */,
				076A4ABB29EA9C8700BD9C79 /* Base */,
				076A4ABA29EA9C6B00BD9C79 /* Lottie */,
				076A4AB929EA9C5D00BD9C79 /* View */,
				076A4AB829EA9C4900BD9C79 /* App */,
				3D06DD5E2A0A8BD000240BBA /* Resources */,
				076A4A9629EA9C0600BD9C79 /* Info.plist */,
				07D1EABA2A04E459007C67AF /* GoogleService-Info.plist */,
			);
			path = BC2;
			sourceTree = "<group>";
		};
		076A4AB829EA9C4900BD9C79 /* App */ = {
			isa = PBXGroup;
			children = (
				076A4A8829EA9C0500BD9C79 /* AppDelegate.swift */,
				076A4A8A29EA9C0500BD9C79 /* SceneDelegate.swift */,
			);
			path = App;
			sourceTree = "<group>";
		};
		076A4AB929EA9C5D00BD9C79 /* View */ = {
			isa = PBXGroup;
			children = (
				076A4ACC29EA9FAD00BD9C79 /* StartViewController.swift */,
				076A4ACE29EA9FC000BD9C79 /* MainViewController.swift */,
				076A4ADB29EB5E8E00BD9C79 /* MiningViewController.swift */,
				07B7DFD729F5026700FE70D7 /* PopUpViewController.swift */,
				3D06DD6D2A0BE02F00240BBA /* ListViewController.swift */,
				0737A6282A1523D300DD7891 /* ChargeViewController.swift */,
				3D973EDA2A188EE000C63909 /* ReaderViewController.swift */,
				3D973EDC2A18A40F00C63909 /* ChargeSuccessViewController.swift */,
			);
			path = View;
			sourceTree = "<group>";
		};
		076A4ABA29EA9C6B00BD9C79 /* Lottie */ = {
			isa = PBXGroup;
			children = (
				0770F3042A18EA1F000215E0 /* success.json */,
				07BF6AD029EC459800986AF7 /* coin.json */,
				076A4ACA29EA9F4300BD9C79 /* block.json */,
				07BF6AD229ECBAC200986AF7 /* coinAction.json */,
			);
			path = Lottie;
			sourceTree = "<group>";
		};
		076A4ABB29EA9C8700BD9C79 /* Base */ = {
			isa = PBXGroup;
			children = (
				076A4ABD29EA9C9F00BD9C79 /* BaseVC.swift */,
			);
			path = Base;
			sourceTree = "<group>";
		};
		076A4AD029EB371200BD9C79 /* Custom */ = {
			isa = PBXGroup;
			children = (
				076A4AD129EB372A00BD9C79 /* Header.swift */,
				076A4AD329EB374300BD9C79 /* SubView.swift */,
				076A4AD529EB375E00BD9C79 /* BoxView.swift */,
				076A4AD729EB37A800BD9C79 /* AmountLabel.swift */,
				076A4AD929EB37C900BD9C79 /* PaymentButton.swift */,
				07B7DFD529F500B900FE70D7 /* PopUpView.swift */,
				3D06DD642A0A8EAB00240BBA /* PaymentListMainLabel.swift */,
				0737A6262A15230500DD7891 /* AddPriceButton.swift */,
			);
			path = Custom;
			sourceTree = "<group>";
		};
		07D1EAC12A0669CA007C67AF /* Network */ = {
			isa = PBXGroup;
			children = (
				07D1EAC22A0669E0007C67AF /* APIConstants.swift */,
				07D1EAC42A066D93007C67AF /* NetworkResult.swift */,
			);
			path = Network;
			sourceTree = "<group>";
		};
		07D1EAC62A066E55007C67AF /* Model */ = {
			isa = PBXGroup;
			children = (
				07D1EAC92A066EA8007C67AF /* SendModel.swift */,
				07D1EAD42A067D6F007C67AF /* Service.swift */,
				3D973EC62A15F02900C63909 /* RealmModel.swift */,
				3D973ECF2A17C3EF00C63909 /* ChargeResponse.swift */,
				3D973ED12A183C2A00C63909 /* PaymentResponse.swift */,
				3D973ED32A184D7A00C63909 /* PaymentRealmEntity.swift */,
				3D973ED52A18578D00C63909 /* ChargeRealmEntity.swift */,
			);
			path = Model;
			sourceTree = "<group>";
		};
		3D06DD5E2A0A8BD000240BBA /* Resources */ = {
			isa = PBXGroup;
			children = (
				076A4A9329EA9C0600BD9C79 /* LaunchScreen.storyboard */,
				076A4A9129EA9C0600BD9C79 /* Assets.xcassets */,
			);
			path = Resources;
			sourceTree = "<group>";
		};
		3D06DD6A2A0BE00600240BBA /* Cell */ = {
			isa = PBXGroup;
			children = (
				3D06DD6B2A0BE01700240BBA /* BC2TableViewCell.swift */,
			);
			path = Cell;
			sourceTree = "<group>";
		};
		3D06DDB72A15192200240BBA /* Data */ = {
			isa = PBXGroup;
			children = (
				3D06DDB52A14D25400240BBA /* MyData.swift */,
			);
			path = Data;
			sourceTree = "<group>";
		};
		3D973EC82A16139B00C63909 /* Frameworks */ = {
			isa = PBXGroup;
			children = (
			);
			name = Frameworks;
			sourceTree = "<group>";
		};
		3D973ED72A188B9500C63909 /* QRTest */ = {
			isa = PBXGroup;
			children = (
				3D973ED82A188BAB00C63909 /* ReaderView.swift */,
			);
			path = QRTest;
			sourceTree = "<group>";
		};
/* End PBXGroup section */

/* Begin PBXNativeTarget section */
		076A4A8429EA9C0500BD9C79 /* BC2 */ = {
			isa = PBXNativeTarget;
			buildConfigurationList = 076A4AAF29EA9C0600BD9C79 /* Build configuration list for PBXNativeTarget "BC2" */;
			buildPhases = (
				076A4A8129EA9C0500BD9C79 /* Sources */,
				076A4A8229EA9C0500BD9C79 /* Frameworks */,
				076A4A8329EA9C0500BD9C79 /* Resources */,
			);
			buildRules = (
			);
			dependencies = (
			);
			name = BC2;
			packageProductDependencies = (
				07B7E00D29FE4C4900FE70D7 /* SnapKit */,
				07B7E01029FE4C5500FE70D7 /* Then */,
				07B7E01329FE4C6C00FE70D7 /* Lottie */,
				07D1EAAF2A04B3D7007C67AF /* GoogleSignIn */,
				07D1EAB12A04B3D7007C67AF /* GoogleSignInSwift */,
				07D1EABD2A050DC3007C67AF /* FirebaseAnalytics */,
				07D1EABF2A050DC3007C67AF /* FirebaseAuth */,
				3D06DDB32A13756100240BBA /* EventSource */,
				0737A6242A15227900DD7891 /* Bootpay_SPM */,
				3D973EC92A16139B00C63909 /* Realm */,
				3D973ECB2A16139B00C63909 /* RealmSwift */,
			);
			productName = BC2;
			productReference = 076A4A8529EA9C0500BD9C79 /* BC2.app */;
			productType = "com.apple.product-type.application";
		};
		076A4A9A29EA9C0600BD9C79 /* BC2Tests */ = {
			isa = PBXNativeTarget;
			buildConfigurationList = 076A4AB229EA9C0600BD9C79 /* Build configuration list for PBXNativeTarget "BC2Tests" */;
			buildPhases = (
				076A4A9729EA9C0600BD9C79 /* Sources */,
				076A4A9829EA9C0600BD9C79 /* Frameworks */,
				076A4A9929EA9C0600BD9C79 /* Resources */,
			);
			buildRules = (
			);
			dependencies = (
				076A4A9D29EA9C0600BD9C79 /* PBXTargetDependency */,
			);
			name = BC2Tests;
			productName = BC2Tests;
			productReference = 076A4A9B29EA9C0600BD9C79 /* BC2Tests.xctest */;
			productType = "com.apple.product-type.bundle.unit-test";
		};
		076A4AA429EA9C0600BD9C79 /* BC2UITests */ = {
			isa = PBXNativeTarget;
			buildConfigurationList = 076A4AB529EA9C0600BD9C79 /* Build configuration list for PBXNativeTarget "BC2UITests" */;
			buildPhases = (
				076A4AA129EA9C0600BD9C79 /* Sources */,
				076A4AA229EA9C0600BD9C79 /* Frameworks */,
				076A4AA329EA9C0600BD9C79 /* Resources */,
			);
			buildRules = (
			);
			dependencies = (
				076A4AA729EA9C0600BD9C79 /* PBXTargetDependency */,
			);
			name = BC2UITests;
			productName = BC2UITests;
			productReference = 076A4AA529EA9C0600BD9C79 /* BC2UITests.xctest */;
			productType = "com.apple.product-type.bundle.ui-testing";
		};
/* End PBXNativeTarget section */

/* Begin PBXProject section */
		076A4A7D29EA9C0500BD9C79 /* Project object */ = {
			isa = PBXProject;
			attributes = {
				BuildIndependentTargetsInParallel = 1;
				LastSwiftUpdateCheck = 1410;
				LastUpgradeCheck = 1410;
				TargetAttributes = {
					076A4A8429EA9C0500BD9C79 = {
						CreatedOnToolsVersion = 14.1;
					};
					076A4A9A29EA9C0600BD9C79 = {
						CreatedOnToolsVersion = 14.1;
						TestTargetID = 076A4A8429EA9C0500BD9C79;
					};
					076A4AA429EA9C0600BD9C79 = {
						CreatedOnToolsVersion = 14.1;
						TestTargetID = 076A4A8429EA9C0500BD9C79;
					};
				};
			};
			buildConfigurationList = 076A4A8029EA9C0500BD9C79 /* Build configuration list for PBXProject "BC2" */;
			compatibilityVersion = "Xcode 14.0";
			developmentRegion = en;
			hasScannedForEncodings = 0;
			knownRegions = (
				en,
				Base,
			);
			mainGroup = 076A4A7C29EA9C0500BD9C79;
			packageReferences = (
				07B7E00C29FE4C4900FE70D7 /* XCRemoteSwiftPackageReference "SnapKit" */,
				07B7E00F29FE4C5500FE70D7 /* XCRemoteSwiftPackageReference "Then" */,
				07B7E01229FE4C6C00FE70D7 /* XCRemoteSwiftPackageReference "lottie-ios" */,
				07D1EAAE2A04B3D7007C67AF /* XCRemoteSwiftPackageReference "GoogleSignIn-iOS" */,
				07D1EABC2A050DC3007C67AF /* XCRemoteSwiftPackageReference "firebase-ios-sdk" */,
				3D06DDB22A13756100240BBA /* XCRemoteSwiftPackageReference "EventSource" */,
				0737A6232A15227900DD7891 /* XCRemoteSwiftPackageReference "Bootpay_SPM" */,
				3D973EC12A15EF0600C63909 /* XCRemoteSwiftPackageReference "realm-swift" */,
			);
			productRefGroup = 076A4A8629EA9C0500BD9C79 /* Products */;
			projectDirPath = "";
			projectRoot = "";
			targets = (
				076A4A8429EA9C0500BD9C79 /* BC2 */,
				076A4A9A29EA9C0600BD9C79 /* BC2Tests */,
				076A4AA429EA9C0600BD9C79 /* BC2UITests */,
			);
		};
/* End PBXProject section */

/* Begin PBXResourcesBuildPhase section */
		076A4A8329EA9C0500BD9C79 /* Resources */ = {
			isa = PBXResourcesBuildPhase;
			buildActionMask = 2147483647;
			files = (
				076A4A9529EA9C0600BD9C79 /* LaunchScreen.storyboard in Resources */,
				076A4A9229EA9C0600BD9C79 /* Assets.xcassets in Resources */,
				076A4ACB29EA9F4300BD9C79 /* block.json in Resources */,
				07BF6AD329ECBAC200986AF7 /* coinAction.json in Resources */,
				0770F3052A18EA1F000215E0 /* success.json in Resources */,
				07D1EABB2A04E459007C67AF /* GoogleService-Info.plist in Resources */,
				07BF6AD129EC459800986AF7 /* coin.json in Resources */,
			);
			runOnlyForDeploymentPostprocessing = 0;
		};
		076A4A9929EA9C0600BD9C79 /* Resources */ = {
			isa = PBXResourcesBuildPhase;
			buildActionMask = 2147483647;
			files = (
			);
			runOnlyForDeploymentPostprocessing = 0;
		};
		076A4AA329EA9C0600BD9C79 /* Resources */ = {
			isa = PBXResourcesBuildPhase;
			buildActionMask = 2147483647;
			files = (
			);
			runOnlyForDeploymentPostprocessing = 0;
		};
/* End PBXResourcesBuildPhase section */

/* Begin PBXSourcesBuildPhase section */
		076A4A8129EA9C0500BD9C79 /* Sources */ = {
			isa = PBXSourcesBuildPhase;
			buildActionMask = 2147483647;
			files = (
				3D973EDB2A188EE000C63909 /* ReaderViewController.swift in Sources */,
				0737A6292A1523D300DD7891 /* ChargeViewController.swift in Sources */,
				3D973ED92A188BAB00C63909 /* ReaderView.swift in Sources */,
				076A4ADA29EB37C900BD9C79 /* PaymentButton.swift in Sources */,
				07B7DFD629F500B900FE70D7 /* PopUpView.swift in Sources */,
				07D1EACA2A066EA8007C67AF /* SendModel.swift in Sources */,
				076A4AD229EB372A00BD9C79 /* Header.swift in Sources */,
				07D1EAC32A0669E0007C67AF /* APIConstants.swift in Sources */,
				3D973ED02A17C3EF00C63909 /* ChargeResponse.swift in Sources */,
				0737A6272A15230500DD7891 /* AddPriceButton.swift in Sources */,
				076A4ACF29EA9FC000BD9C79 /* MainViewController.swift in Sources */,
				076A4AD629EB375E00BD9C79 /* BoxView.swift in Sources */,
				3D973ED42A184D7A00C63909 /* PaymentRealmEntity.swift in Sources */,
				3D06DD652A0A8EAC00240BBA /* PaymentListMainLabel.swift in Sources */,
				076A4A8929EA9C0500BD9C79 /* AppDelegate.swift in Sources */,
				076A4ADC29EB5E8E00BD9C79 /* MiningViewController.swift in Sources */,
				076A4A8B29EA9C0500BD9C79 /* SceneDelegate.swift in Sources */,
				07B7DFD829F5026700FE70D7 /* PopUpViewController.swift in Sources */,
				3D06DDB62A14D25400240BBA /* MyData.swift in Sources */,
				3D973ED62A18578D00C63909 /* ChargeRealmEntity.swift in Sources */,
				076A4AD429EB374300BD9C79 /* SubView.swift in Sources */,
				076A4ABE29EA9C9F00BD9C79 /* BaseVC.swift in Sources */,
				076A4ACD29EA9FAD00BD9C79 /* StartViewController.swift in Sources */,
				07D1EAD52A067D6F007C67AF /* Service.swift in Sources */,
				3D973EDD2A18A40F00C63909 /* ChargeSuccessViewController.swift in Sources */,
				07D1EAC52A066D93007C67AF /* NetworkResult.swift in Sources */,
				3D06DD6E2A0BE02F00240BBA /* ListViewController.swift in Sources */,
				076A4AD829EB37A800BD9C79 /* AmountLabel.swift in Sources */,
				3D973EC72A15F02900C63909 /* RealmModel.swift in Sources */,
				3D973ED22A183C2A00C63909 /* PaymentResponse.swift in Sources */,
				3D06DD6C2A0BE01700240BBA /* BC2TableViewCell.swift in Sources */,
			);
			runOnlyForDeploymentPostprocessing = 0;
		};
		076A4A9729EA9C0600BD9C79 /* Sources */ = {
			isa = PBXSourcesBuildPhase;
			buildActionMask = 2147483647;
			files = (
			);
			runOnlyForDeploymentPostprocessing = 0;
		};
		076A4AA129EA9C0600BD9C79 /* Sources */ = {
			isa = PBXSourcesBuildPhase;
			buildActionMask = 2147483647;
			files = (
			);
			runOnlyForDeploymentPostprocessing = 0;
		};
/* End PBXSourcesBuildPhase section */

/* Begin PBXTargetDependency section */
		076A4A9D29EA9C0600BD9C79 /* PBXTargetDependency */ = {
			isa = PBXTargetDependency;
			target = 076A4A8429EA9C0500BD9C79 /* BC2 */;
			targetProxy = 076A4A9C29EA9C0600BD9C79 /* PBXContainerItemProxy */;
		};
		076A4AA729EA9C0600BD9C79 /* PBXTargetDependency */ = {
			isa = PBXTargetDependency;
			target = 076A4A8429EA9C0500BD9C79 /* BC2 */;
			targetProxy = 076A4AA629EA9C0600BD9C79 /* PBXContainerItemProxy */;
		};
/* End PBXTargetDependency section */

/* Begin PBXVariantGroup section */
		076A4A9329EA9C0600BD9C79 /* LaunchScreen.storyboard */ = {
			isa = PBXVariantGroup;
			children = (
				076A4A9429EA9C0600BD9C79 /* Base */,
			);
			name = LaunchScreen.storyboard;
			sourceTree = "<group>";
		};
/* End PBXVariantGroup section */

/* Begin XCBuildConfiguration section */
		076A4AAD29EA9C0600BD9C79 /* Debug */ = {
			isa = XCBuildConfiguration;
			buildSettings = {
				ALWAYS_SEARCH_USER_PATHS = NO;
				CLANG_ANALYZER_NONNULL = YES;
				CLANG_ANALYZER_NUMBER_OBJECT_CONVERSION = YES_AGGRESSIVE;
				CLANG_CXX_LANGUAGE_STANDARD = "gnu++20";
				CLANG_ENABLE_MODULES = YES;
				CLANG_ENABLE_OBJC_ARC = YES;
				CLANG_ENABLE_OBJC_WEAK = YES;
				CLANG_WARN_BLOCK_CAPTURE_AUTORELEASING = YES;
				CLANG_WARN_BOOL_CONVERSION = YES;
				CLANG_WARN_COMMA = YES;
				CLANG_WARN_CONSTANT_CONVERSION = YES;
				CLANG_WARN_DEPRECATED_OBJC_IMPLEMENTATIONS = YES;
				CLANG_WARN_DIRECT_OBJC_ISA_USAGE = YES_ERROR;
				CLANG_WARN_DOCUMENTATION_COMMENTS = YES;
				CLANG_WARN_EMPTY_BODY = YES;
				CLANG_WARN_ENUM_CONVERSION = YES;
				CLANG_WARN_INFINITE_RECURSION = YES;
				CLANG_WARN_INT_CONVERSION = YES;
				CLANG_WARN_NON_LITERAL_NULL_CONVERSION = YES;
				CLANG_WARN_OBJC_IMPLICIT_RETAIN_SELF = YES;
				CLANG_WARN_OBJC_LITERAL_CONVERSION = YES;
				CLANG_WARN_OBJC_ROOT_CLASS = YES_ERROR;
				CLANG_WARN_QUOTED_INCLUDE_IN_FRAMEWORK_HEADER = YES;
				CLANG_WARN_RANGE_LOOP_ANALYSIS = YES;
				CLANG_WARN_STRICT_PROTOTYPES = YES;
				CLANG_WARN_SUSPICIOUS_MOVE = YES;
				CLANG_WARN_UNGUARDED_AVAILABILITY = YES_AGGRESSIVE;
				CLANG_WARN_UNREACHABLE_CODE = YES;
				CLANG_WARN__DUPLICATE_METHOD_MATCH = YES;
				COPY_PHASE_STRIP = NO;
				DEBUG_INFORMATION_FORMAT = dwarf;
				ENABLE_STRICT_OBJC_MSGSEND = YES;
				ENABLE_TESTABILITY = YES;
				GCC_C_LANGUAGE_STANDARD = gnu11;
				GCC_DYNAMIC_NO_PIC = NO;
				GCC_NO_COMMON_BLOCKS = YES;
				GCC_OPTIMIZATION_LEVEL = 0;
				GCC_PREPROCESSOR_DEFINITIONS = (
					"DEBUG=1",
					"$(inherited)",
				);
				GCC_WARN_64_TO_32_BIT_CONVERSION = YES;
				GCC_WARN_ABOUT_RETURN_TYPE = YES_ERROR;
				GCC_WARN_UNDECLARED_SELECTOR = YES;
				GCC_WARN_UNINITIALIZED_AUTOS = YES_AGGRESSIVE;
				GCC_WARN_UNUSED_FUNCTION = YES;
				GCC_WARN_UNUSED_VARIABLE = YES;
				IPHONEOS_DEPLOYMENT_TARGET = 16.1;
				MTL_ENABLE_DEBUG_INFO = INCLUDE_SOURCE;
				MTL_FAST_MATH = YES;
				ONLY_ACTIVE_ARCH = YES;
				SDKROOT = iphoneos;
				SWIFT_ACTIVE_COMPILATION_CONDITIONS = DEBUG;
				SWIFT_OPTIMIZATION_LEVEL = "-Onone";
			};
			name = Debug;
		};
		076A4AAE29EA9C0600BD9C79 /* Release */ = {
			isa = XCBuildConfiguration;
			buildSettings = {
				ALWAYS_SEARCH_USER_PATHS = NO;
				CLANG_ANALYZER_NONNULL = YES;
				CLANG_ANALYZER_NUMBER_OBJECT_CONVERSION = YES_AGGRESSIVE;
				CLANG_CXX_LANGUAGE_STANDARD = "gnu++20";
				CLANG_ENABLE_MODULES = YES;
				CLANG_ENABLE_OBJC_ARC = YES;
				CLANG_ENABLE_OBJC_WEAK = YES;
				CLANG_WARN_BLOCK_CAPTURE_AUTORELEASING = YES;
				CLANG_WARN_BOOL_CONVERSION = YES;
				CLANG_WARN_COMMA = YES;
				CLANG_WARN_CONSTANT_CONVERSION = YES;
				CLANG_WARN_DEPRECATED_OBJC_IMPLEMENTATIONS = YES;
				CLANG_WARN_DIRECT_OBJC_ISA_USAGE = YES_ERROR;
				CLANG_WARN_DOCUMENTATION_COMMENTS = YES;
				CLANG_WARN_EMPTY_BODY = YES;
				CLANG_WARN_ENUM_CONVERSION = YES;
				CLANG_WARN_INFINITE_RECURSION = YES;
				CLANG_WARN_INT_CONVERSION = YES;
				CLANG_WARN_NON_LITERAL_NULL_CONVERSION = YES;
				CLANG_WARN_OBJC_IMPLICIT_RETAIN_SELF = YES;
				CLANG_WARN_OBJC_LITERAL_CONVERSION = YES;
				CLANG_WARN_OBJC_ROOT_CLASS = YES_ERROR;
				CLANG_WARN_QUOTED_INCLUDE_IN_FRAMEWORK_HEADER = YES;
				CLANG_WARN_RANGE_LOOP_ANALYSIS = YES;
				CLANG_WARN_STRICT_PROTOTYPES = YES;
				CLANG_WARN_SUSPICIOUS_MOVE = YES;
				CLANG_WARN_UNGUARDED_AVAILABILITY = YES_AGGRESSIVE;
				CLANG_WARN_UNREACHABLE_CODE = YES;
				CLANG_WARN__DUPLICATE_METHOD_MATCH = YES;
				COPY_PHASE_STRIP = NO;
				DEBUG_INFORMATION_FORMAT = "dwarf-with-dsym";
				ENABLE_NS_ASSERTIONS = NO;
				ENABLE_STRICT_OBJC_MSGSEND = YES;
				GCC_C_LANGUAGE_STANDARD = gnu11;
				GCC_NO_COMMON_BLOCKS = YES;
				GCC_WARN_64_TO_32_BIT_CONVERSION = YES;
				GCC_WARN_ABOUT_RETURN_TYPE = YES_ERROR;
				GCC_WARN_UNDECLARED_SELECTOR = YES;
				GCC_WARN_UNINITIALIZED_AUTOS = YES_AGGRESSIVE;
				GCC_WARN_UNUSED_FUNCTION = YES;
				GCC_WARN_UNUSED_VARIABLE = YES;
				IPHONEOS_DEPLOYMENT_TARGET = 16.1;
				MTL_ENABLE_DEBUG_INFO = NO;
				MTL_FAST_MATH = YES;
				SDKROOT = iphoneos;
				SWIFT_COMPILATION_MODE = wholemodule;
				SWIFT_OPTIMIZATION_LEVEL = "-O";
				VALIDATE_PRODUCT = YES;
			};
			name = Release;
		};
		076A4AB029EA9C0600BD9C79 /* Debug */ = {
			isa = XCBuildConfiguration;
			buildSettings = {
				ASSETCATALOG_COMPILER_APPICON_NAME = AppIcon;
				ASSETCATALOG_COMPILER_GLOBAL_ACCENT_COLOR_NAME = AccentColor;
				CODE_SIGN_STYLE = Automatic;
				CURRENT_PROJECT_VERSION = 1;
				DEVELOPMENT_TEAM = S4K8SAN9WG;
				GENERATE_INFOPLIST_FILE = YES;
				INFOPLIST_FILE = BC2/Info.plist;
				INFOPLIST_KEY_NSCameraUsageDescription = "카메라 접근";
				INFOPLIST_KEY_UIApplicationSupportsIndirectInputEvents = YES;
				INFOPLIST_KEY_UILaunchStoryboardName = LaunchScreen;
				INFOPLIST_KEY_UISupportedInterfaceOrientations_iPad = "UIInterfaceOrientationPortrait UIInterfaceOrientationPortraitUpsideDown UIInterfaceOrientationLandscapeLeft UIInterfaceOrientationLandscapeRight";
				INFOPLIST_KEY_UISupportedInterfaceOrientations_iPhone = "UIInterfaceOrientationPortrait UIInterfaceOrientationLandscapeLeft UIInterfaceOrientationLandscapeRight";
				IPHONEOS_DEPLOYMENT_TARGET = 15.0;
				LD_RUNPATH_SEARCH_PATHS = (
					"$(inherited)",
					"@executable_path/Frameworks",
				);
				MARKETING_VERSION = 1.0;
				PRODUCT_BUNDLE_IDENTIFIER = ain.BC2;
				PRODUCT_NAME = "$(TARGET_NAME)";
				SWIFT_EMIT_LOC_STRINGS = YES;
				SWIFT_VERSION = 5.0;
				TARGETED_DEVICE_FAMILY = "1,2";
			};
			name = Debug;
		};
		076A4AB129EA9C0600BD9C79 /* Release */ = {
			isa = XCBuildConfiguration;
			buildSettings = {
				ASSETCATALOG_COMPILER_APPICON_NAME = AppIcon;
				ASSETCATALOG_COMPILER_GLOBAL_ACCENT_COLOR_NAME = AccentColor;
				CODE_SIGN_STYLE = Automatic;
				CURRENT_PROJECT_VERSION = 1;
				DEVELOPMENT_TEAM = S4K8SAN9WG;
				GENERATE_INFOPLIST_FILE = YES;
				INFOPLIST_FILE = BC2/Info.plist;
				INFOPLIST_KEY_NSCameraUsageDescription = "카메라 접근";
				INFOPLIST_KEY_UIApplicationSupportsIndirectInputEvents = YES;
				INFOPLIST_KEY_UILaunchStoryboardName = LaunchScreen;
				INFOPLIST_KEY_UISupportedInterfaceOrientations_iPad = "UIInterfaceOrientationPortrait UIInterfaceOrientationPortraitUpsideDown UIInterfaceOrientationLandscapeLeft UIInterfaceOrientationLandscapeRight";
				INFOPLIST_KEY_UISupportedInterfaceOrientations_iPhone = "UIInterfaceOrientationPortrait UIInterfaceOrientationLandscapeLeft UIInterfaceOrientationLandscapeRight";
				IPHONEOS_DEPLOYMENT_TARGET = 15.0;
				LD_RUNPATH_SEARCH_PATHS = (
					"$(inherited)",
					"@executable_path/Frameworks",
				);
				MARKETING_VERSION = 1.0;
				PRODUCT_BUNDLE_IDENTIFIER = ain.BC2;
				PRODUCT_NAME = "$(TARGET_NAME)";
				SWIFT_EMIT_LOC_STRINGS = YES;
				SWIFT_VERSION = 5.0;
				TARGETED_DEVICE_FAMILY = "1,2";
			};
			name = Release;
		};
		076A4AB329EA9C0600BD9C79 /* Debug */ = {
			isa = XCBuildConfiguration;
			buildSettings = {
				ALWAYS_EMBED_SWIFT_STANDARD_LIBRARIES = YES;
				BUNDLE_LOADER = "$(TEST_HOST)";
				CODE_SIGN_STYLE = Automatic;
				CURRENT_PROJECT_VERSION = 1;
				DEVELOPMENT_TEAM = S4K8SAN9WG;
				GENERATE_INFOPLIST_FILE = YES;
				IPHONEOS_DEPLOYMENT_TARGET = 16.1;
				MARKETING_VERSION = 1.0;
				PRODUCT_BUNDLE_IDENTIFIER = ain.BC2Tests;
				PRODUCT_NAME = "$(TARGET_NAME)";
				SWIFT_EMIT_LOC_STRINGS = NO;
				SWIFT_VERSION = 5.0;
				TARGETED_DEVICE_FAMILY = "1,2";
				TEST_HOST = "$(BUILT_PRODUCTS_DIR)/BC2.app/$(BUNDLE_EXECUTABLE_FOLDER_PATH)/BC2";
			};
			name = Debug;
		};
		076A4AB429EA9C0600BD9C79 /* Release */ = {
			isa = XCBuildConfiguration;
			buildSettings = {
				ALWAYS_EMBED_SWIFT_STANDARD_LIBRARIES = YES;
				BUNDLE_LOADER = "$(TEST_HOST)";
				CODE_SIGN_STYLE = Automatic;
				CURRENT_PROJECT_VERSION = 1;
				DEVELOPMENT_TEAM = S4K8SAN9WG;
				GENERATE_INFOPLIST_FILE = YES;
				IPHONEOS_DEPLOYMENT_TARGET = 16.1;
				MARKETING_VERSION = 1.0;
				PRODUCT_BUNDLE_IDENTIFIER = ain.BC2Tests;
				PRODUCT_NAME = "$(TARGET_NAME)";
				SWIFT_EMIT_LOC_STRINGS = NO;
				SWIFT_VERSION = 5.0;
				TARGETED_DEVICE_FAMILY = "1,2";
				TEST_HOST = "$(BUILT_PRODUCTS_DIR)/BC2.app/$(BUNDLE_EXECUTABLE_FOLDER_PATH)/BC2";
			};
			name = Release;
		};
		076A4AB629EA9C0600BD9C79 /* Debug */ = {
			isa = XCBuildConfiguration;
			buildSettings = {
				ALWAYS_EMBED_SWIFT_STANDARD_LIBRARIES = YES;
				CODE_SIGN_STYLE = Automatic;
				CURRENT_PROJECT_VERSION = 1;
				DEVELOPMENT_TEAM = S4K8SAN9WG;
				GENERATE_INFOPLIST_FILE = YES;
				MARKETING_VERSION = 1.0;
				PRODUCT_BUNDLE_IDENTIFIER = ain.BC2UITests;
				PRODUCT_NAME = "$(TARGET_NAME)";
				SWIFT_EMIT_LOC_STRINGS = NO;
				SWIFT_VERSION = 5.0;
				TARGETED_DEVICE_FAMILY = "1,2";
				TEST_TARGET_NAME = BC2;
			};
			name = Debug;
		};
		076A4AB729EA9C0600BD9C79 /* Release */ = {
			isa = XCBuildConfiguration;
			buildSettings = {
				ALWAYS_EMBED_SWIFT_STANDARD_LIBRARIES = YES;
				CODE_SIGN_STYLE = Automatic;
				CURRENT_PROJECT_VERSION = 1;
				DEVELOPMENT_TEAM = S4K8SAN9WG;
				GENERATE_INFOPLIST_FILE = YES;
				MARKETING_VERSION = 1.0;
				PRODUCT_BUNDLE_IDENTIFIER = ain.BC2UITests;
				PRODUCT_NAME = "$(TARGET_NAME)";
				SWIFT_EMIT_LOC_STRINGS = NO;
				SWIFT_VERSION = 5.0;
				TARGETED_DEVICE_FAMILY = "1,2";
				TEST_TARGET_NAME = BC2;
			};
			name = Release;
		};
/* End XCBuildConfiguration section */

/* Begin XCConfigurationList section */
		076A4A8029EA9C0500BD9C79 /* Build configuration list for PBXProject "BC2" */ = {
			isa = XCConfigurationList;
			buildConfigurations = (
				076A4AAD29EA9C0600BD9C79 /* Debug */,
				076A4AAE29EA9C0600BD9C79 /* Release */,
			);
			defaultConfigurationIsVisible = 0;
			defaultConfigurationName = Release;
		};
		076A4AAF29EA9C0600BD9C79 /* Build configuration list for PBXNativeTarget "BC2" */ = {
			isa = XCConfigurationList;
			buildConfigurations = (
				076A4AB029EA9C0600BD9C79 /* Debug */,
				076A4AB129EA9C0600BD9C79 /* Release */,
			);
			defaultConfigurationIsVisible = 0;
			defaultConfigurationName = Release;
		};
		076A4AB229EA9C0600BD9C79 /* Build configuration list for PBXNativeTarget "BC2Tests" */ = {
			isa = XCConfigurationList;
			buildConfigurations = (
				076A4AB329EA9C0600BD9C79 /* Debug */,
				076A4AB429EA9C0600BD9C79 /* Release */,
			);
			defaultConfigurationIsVisible = 0;
			defaultConfigurationName = Release;
		};
		076A4AB529EA9C0600BD9C79 /* Build configuration list for PBXNativeTarget "BC2UITests" */ = {
			isa = XCConfigurationList;
			buildConfigurations = (
				076A4AB629EA9C0600BD9C79 /* Debug */,
				076A4AB729EA9C0600BD9C79 /* Release */,
			);
			defaultConfigurationIsVisible = 0;
			defaultConfigurationName = Release;
		};
/* End XCConfigurationList section */

/* Begin XCRemoteSwiftPackageReference section */
		0737A6232A15227900DD7891 /* XCRemoteSwiftPackageReference "Bootpay_SPM" */ = {
			isa = XCRemoteSwiftPackageReference;
			repositoryURL = "https://github.com/aaiinn/Bootpay_SPM.git";
			requirement = {
				branch = main;
				kind = branch;
			};
		};
		07B7E00C29FE4C4900FE70D7 /* XCRemoteSwiftPackageReference "SnapKit" */ = {
			isa = XCRemoteSwiftPackageReference;
			repositoryURL = "https://github.com/SnapKit/SnapKit";
			requirement = {
				kind = upToNextMajorVersion;
				minimumVersion = 5.0.0;
			};
		};
		07B7E00F29FE4C5500FE70D7 /* XCRemoteSwiftPackageReference "Then" */ = {
			isa = XCRemoteSwiftPackageReference;
			repositoryURL = "https://github.com/devxoul/Then";
			requirement = {
				kind = upToNextMajorVersion;
				minimumVersion = 3.0.0;
			};
		};
		07B7E01229FE4C6C00FE70D7 /* XCRemoteSwiftPackageReference "lottie-ios" */ = {
			isa = XCRemoteSwiftPackageReference;
			repositoryURL = "https://github.com/airbnb/lottie-ios.git";
			requirement = {
				kind = upToNextMajorVersion;
				minimumVersion = 4.0.0;
			};
		};
		07D1EAAE2A04B3D7007C67AF /* XCRemoteSwiftPackageReference "GoogleSignIn-iOS" */ = {
			isa = XCRemoteSwiftPackageReference;
			repositoryURL = "https://github.com/google/GoogleSignIn-iOS";
			requirement = {
				kind = upToNextMajorVersion;
				minimumVersion = 7.0.0;
			};
		};
		07D1EABC2A050DC3007C67AF /* XCRemoteSwiftPackageReference "firebase-ios-sdk" */ = {
			isa = XCRemoteSwiftPackageReference;
			repositoryURL = "https://github.com/firebase/firebase-ios-sdk.git";
			requirement = {
				kind = upToNextMajorVersion;
				minimumVersion = 9.0.0;
			};
		};
		3D06DDB22A13756100240BBA /* XCRemoteSwiftPackageReference "EventSource" */ = {
			isa = XCRemoteSwiftPackageReference;
			repositoryURL = "https://github.com/Recouse/EventSource";
			requirement = {
				kind = upToNextMajorVersion;
				minimumVersion = 0.0.5;
			};
		};
		3D973EC12A15EF0600C63909 /* XCRemoteSwiftPackageReference "realm-swift" */ = {
			isa = XCRemoteSwiftPackageReference;
			repositoryURL = "https://github.com/realm/realm-swift";
			requirement = {
				branch = master;
				kind = branch;
			};
		};
/* End XCRemoteSwiftPackageReference section */

/* Begin XCSwiftPackageProductDependency section */
		0737A6242A15227900DD7891 /* Bootpay_SPM */ = {
			isa = XCSwiftPackageProductDependency;
			package = 0737A6232A15227900DD7891 /* XCRemoteSwiftPackageReference "Bootpay_SPM" */;
			productName = Bootpay_SPM;
		};
		07B7E00D29FE4C4900FE70D7 /* SnapKit */ = {
			isa = XCSwiftPackageProductDependency;
			package = 07B7E00C29FE4C4900FE70D7 /* XCRemoteSwiftPackageReference "SnapKit" */;
			productName = SnapKit;
		};
		07B7E01029FE4C5500FE70D7 /* Then */ = {
			isa = XCSwiftPackageProductDependency;
			package = 07B7E00F29FE4C5500FE70D7 /* XCRemoteSwiftPackageReference "Then" */;
			productName = Then;
		};
		07B7E01329FE4C6C00FE70D7 /* Lottie */ = {
			isa = XCSwiftPackageProductDependency;
			package = 07B7E01229FE4C6C00FE70D7 /* XCRemoteSwiftPackageReference "lottie-ios" */;
			productName = Lottie;
		};
		07D1EAAF2A04B3D7007C67AF /* GoogleSignIn */ = {
			isa = XCSwiftPackageProductDependency;
			package = 07D1EAAE2A04B3D7007C67AF /* XCRemoteSwiftPackageReference "GoogleSignIn-iOS" */;
			productName = GoogleSignIn;
		};
		07D1EAB12A04B3D7007C67AF /* GoogleSignInSwift */ = {
			isa = XCSwiftPackageProductDependency;
			package = 07D1EAAE2A04B3D7007C67AF /* XCRemoteSwiftPackageReference "GoogleSignIn-iOS" */;
			productName = GoogleSignInSwift;
		};
		07D1EABD2A050DC3007C67AF /* FirebaseAnalytics */ = {
			isa = XCSwiftPackageProductDependency;
			package = 07D1EABC2A050DC3007C67AF /* XCRemoteSwiftPackageReference "firebase-ios-sdk" */;
			productName = FirebaseAnalytics;
		};
		07D1EABF2A050DC3007C67AF /* FirebaseAuth */ = {
			isa = XCSwiftPackageProductDependency;
			package = 07D1EABC2A050DC3007C67AF /* XCRemoteSwiftPackageReference "firebase-ios-sdk" */;
			productName = FirebaseAuth;
		};
		3D06DDB32A13756100240BBA /* EventSource */ = {
			isa = XCSwiftPackageProductDependency;
			package = 3D06DDB22A13756100240BBA /* XCRemoteSwiftPackageReference "EventSource" */;
			productName = EventSource;
		};
		3D973EC92A16139B00C63909 /* Realm */ = {
			isa = XCSwiftPackageProductDependency;
			package = 3D973EC12A15EF0600C63909 /* XCRemoteSwiftPackageReference "realm-swift" */;
			productName = Realm;
		};
		3D973ECB2A16139B00C63909 /* RealmSwift */ = {
			isa = XCSwiftPackageProductDependency;
			package = 3D973EC12A15EF0600C63909 /* XCRemoteSwiftPackageReference "realm-swift" */;
			productName = RealmSwift;
		};
/* End XCSwiftPackageProductDependency section */
	};
	rootObject = 076A4A7D29EA9C0500BD9C79 /* Project object */;
}
